
Microsoft Visual Studio Solution File, Format Version 12.00
# Visual Studio Version 17
VisualStudioVersion = 17.4.33205.214
MinimumVisualStudioVersion = 10.0.40219.1
Project("{9A19103F-16F7-4668-BE54-9A1E7A4F7556}") = "ReservationService", "ReservationService.csproj", "{945BAF19-6E0D-4CEF-96A9-68EBF0C073BE}"
EndProject
Global
	GlobalSection(SolutionConfigurationPlatforms) = preSolution
		Debug|Any CPU = Debug|Any CPU
		Release|Any CPU = Release|Any CPU
	EndGlobalSection
	GlobalSection(ProjectConfigurationPlatforms) = postSolution
		{945BAF19-6E0D-4CEF-96A9-68EBF0C073BE}.Debug|Any CPU.ActiveCfg = Debug|Any CPU
		{945BAF19-6E0D-4CEF-96A9-68EBF0C073BE}.Debug|Any CPU.Build.0 = Debug|Any CPU
		{945BAF19-6E0D-4CEF-96A9-68EBF0C073BE}.Release|Any CPU.ActiveCfg = Release|Any CPU
		{945BAF19-6E0D-4CEF-96A9-68EBF0C073BE}.Release|Any CPU.Build.0 = Release|Any CPU
	EndGlobalSection
	GlobalSection(SolutionProperties) = preSolution
		HideSolutionNode = FALSE
	EndGlobalSection
	GlobalSection(ExtensibilityGlobals) = postSolution
		SolutionGuid = {5C897B61-2345-4919-8F5A-BFA769FAE136}
	EndGlobalSection
EndGlobal
