
Microsoft Visual Studio Solution File, Format Version 12.00
# Visual Studio Version 17
VisualStudioVersion = 17.3.32929.385
MinimumVisualStudioVersion = 10.0.40219.1
Project("{9A19103F-16F7-4668-BE54-9A1E7A4F7556}") = "PlaneTransport", "PlaneTransport.csproj", "{D2CD3F81-955D-4619-AC11-98DC8360760D}"
EndProject
Global
	GlobalSection(SolutionConfigurationPlatforms) = preSolution
		Debug|Any CPU = Debug|Any CPU
		Release|Any CPU = Release|Any CPU
	EndGlobalSection
	GlobalSection(ProjectConfigurationPlatforms) = postSolution
		{D2CD3F81-955D-4619-AC11-98DC8360760D}.Debug|Any CPU.ActiveCfg = Debug|Any CPU
		{D2CD3F81-955D-4619-AC11-98DC8360760D}.Debug|Any CPU.Build.0 = Debug|Any CPU
		{D2CD3F81-955D-4619-AC11-98DC8360760D}.Release|Any CPU.ActiveCfg = Release|Any CPU
		{D2CD3F81-955D-4619-AC11-98DC8360760D}.Release|Any CPU.Build.0 = Release|Any CPU
	EndGlobalSection
	GlobalSection(SolutionProperties) = preSolution
		HideSolutionNode = FALSE
	EndGlobalSection
	GlobalSection(ExtensibilityGlobals) = postSolution
		SolutionGuid = {CF2ADC6D-2666-4846-B064-EA6001F86D9C}
	EndGlobalSection
EndGlobal
